schema: '2.0'
stages:
  preprocess:
    cmd: python src_pretraitement.py
    deps:
    - path: src_pretraitement.py
      hash: md5
      md5: a47b193003182b32e50a52fd6aaa4319
      size: 1223
    - path: tweets_suspect.csv
      hash: md5
      md5: 60e5f26c964cb0a766047fd993102170
      size: 4695170
    outs:
    - path: tweets_suspect_clean.csv
      hash: md5
      md5: 4f74ab0da688d893baf7c0f3531a7a64
      size: 7287791
  vectorization:
    cmd: python src_vectorisation.py
    deps:
    - path: src_vectorisation.py
      hash: md5
      md5: 82ba9fcd46351dd33bb4214c6226c45a
      size: 1113
    - path: tweets_suspect_clean.csv
      hash: md5
      md5: 4f74ab0da688d893baf7c0f3531a7a64
      size: 7287791
    outs:
    - path: matrix_tfidf.pkl
      hash: md5
      md5: e57f4d915db9596a483d7304daee9aa9
      size: 5451746
    - path: tfidf_vectorizer.pkl
      hash: md5
      md5: 2bba273ee4d321f3c3b8f9894f54b339
      size: 179359
  build_models:
    cmd: python src_modeles.py
    deps:
    - path: src_modeles.py
      hash: md5
      md5: 2361a58c6e1e30c46c936a408ba019dd
      size: 824
    outs:
    - path: modeles_construits.pkl
      hash: md5
      md5: f7a5a4a8a02c4202152f41de956bc3f7
      size: 1067
  train_val:
    cmd: python src_entrainement_validation.py
    deps:
    - path: matrix_tfidf.pkl
      hash: md5
      md5: e57f4d915db9596a483d7304daee9aa9
      size: 5451746
    - path: modeles_construits.pkl
      hash: md5
      md5: f7a5a4a8a02c4202152f41de956bc3f7
      size: 1067
    - path: src_entrainement_validation.py
      hash: md5
      md5: 9e153c5da6c695b5a52d451a5ec7660a
      size: 2387
    outs:
    - path: donnees_test.pkl
      hash: md5
      md5: 051390afd02771916e1c1ff94c084717
      size: 1278882
    - path: modeles_entraines.pkl
      hash: md5
      md5: 5f00b0bc57f11933d92104bd7b746b99
      size: 43416458
    - path: performances_validation.csv
      hash: md5
      md5: 4e9bd2f0d6237e976ba664a296f0e2c5
      size: 312
  plots:
    cmd: python src_evaluation_graphique.py
    deps:
    - path: donnees_test.pkl
      hash: md5
      md5: 051390afd02771916e1c1ff94c084717
      size: 1278882
    - path: modeles_entraines.pkl
      hash: md5
      md5: 5f00b0bc57f11933d92104bd7b746b99
      size: 43416458
    - path: src_evaluation_graphique.py
      hash: md5
      md5: 6da315c0933b511c42574e7b10ffd869
      size: 1980
    outs:
    - path: courbe_roc.png
      hash: md5
      md5: 7de220b190393d4267c08c8cc0341cb7
      size: 33959
    - path: matrice_confusion.png
      hash: md5
      md5: 363794a6e830e4ae3e3ead93fcf8466f
      size: 23346
